// !$*UTF8*$!
{
	archiveVersion = 1;
	classes = {
	};
	objectVersion = 50;
	objects = {

/* Begin PBXBuildFile section */
		C4B8398725E789F4004A680A /* AppDelegate.swift in Sources */ = {isa = PBXBuildFile; fileRef = C4B8398625E789F4004A680A /* AppDelegate.swift */; };
		C4B8398925E789F4004A680A /* SceneDelegate.swift in Sources */ = {isa = PBXBuildFile; fileRef = C4B8398825E789F4004A680A /* SceneDelegate.swift */; };
		C4B8399025E789FE004A680A /* Assets.xcassets in Resources */ = {isa = PBXBuildFile; fileRef = C4B8398F25E789FE004A680A /* Assets.xcassets */; };
		C4B8399325E789FE004A680A /* LaunchScreen.storyboard in Resources */ = {isa = PBXBuildFile; fileRef = C4B8399125E789FE004A680A /* LaunchScreen.storyboard */; };
		C4B839A325E798B5004A680A /* Job.swift in Sources */ = {isa = PBXBuildFile; fileRef = C4B839A225E798B5004A680A /* Job.swift */; };
		C4B839A725E79CB3004A680A /* MainViewController.swift in Sources */ = {isa = PBXBuildFile; fileRef = C4B839A625E79CB3004A680A /* MainViewController.swift */; };
		C4B839AA25E7BC05004A680A /* UIView+Ext.swift in Sources */ = {isa = PBXBuildFile; fileRef = C4B839A925E7BC05004A680A /* UIView+Ext.swift */; };
		C4B839AE25E7BD72004A680A /* JobCell.swift in Sources */ = {isa = PBXBuildFile; fileRef = C4B839AD25E7BD72004A680A /* JobCell.swift */; };
/* End PBXBuildFile section */

/* Begin PBXFileReference section */
		C4B8398325E789F4004A680A /* GitJobs.app */ = {isa = PBXFileReference; explicitFileType = wrapper.application; includeInIndex = 0; path = GitJobs.app; sourceTree = BUILT_PRODUCTS_DIR; };
		C4B8398625E789F4004A680A /* AppDelegate.swift */ = {isa = PBXFileReference; lastKnownFileType = sourcecode.swift; path = AppDelegate.swift; sourceTree = "<group>"; };
		C4B8398825E789F4004A680A /* SceneDelegate.swift */ = {isa = PBXFileReference; lastKnownFileType = sourcecode.swift; path = SceneDelegate.swift; sourceTree = "<group>"; };
		C4B8398F25E789FE004A680A /* Assets.xcassets */ = {isa = PBXFileReference; lastKnownFileType = folder.assetcatalog; path = Assets.xcassets; sourceTree = "<group>"; };
		C4B8399225E789FE004A680A /* Base */ = {isa = PBXFileReference; lastKnownFileType = file.storyboard; name = Base; path = Base.lproj/LaunchScreen.storyboard; sourceTree = "<group>"; };
		C4B8399425E789FE004A680A /* Info.plist */ = {isa = PBXFileReference; lastKnownFileType = text.plist.xml; path = Info.plist; sourceTree = "<group>"; };
		C4B839A225E798B5004A680A /* Job.swift */ = {isa = PBXFileReference; lastKnownFileType = sourcecode.swift; path = Job.swift; sourceTree = "<group>"; };
		C4B839A625E79CB3004A680A /* MainViewController.swift */ = {isa = PBXFileReference; lastKnownFileType = sourcecode.swift; path = MainViewController.swift; sourceTree = "<group>"; };
		C4B839A925E7BC05004A680A /* UIView+Ext.swift */ = {isa = PBXFileReference; lastKnownFileType = sourcecode.swift; path = "UIView+Ext.swift"; sourceTree = "<group>"; };
		C4B839AD25E7BD72004A680A /* JobCell.swift */ = {isa = PBXFileReference; lastKnownFileType = sourcecode.swift; path = JobCell.swift; sourceTree = "<group>"; };
/* End PBXFileReference section */

/* Begin PBXFrameworksBuildPhase section */
		C4B8398025E789F4004A680A /* Frameworks */ = {
			isa = PBXFrameworksBuildPhase;
			buildActionMask = 2147483647;
			files = (
			);
			runOnlyForDeploymentPostprocessing = 0;
		};
/* End PBXFrameworksBuildPhase section */

/* Begin PBXGroup section */
		C4B8397A25E789F4004A680A = {
			isa = PBXGroup;
			children = (
				C4B8398525E789F4004A680A /* GitJobs */,
				C4B8398425E789F4004A680A /* Products */,
			);
			sourceTree = "<group>";
		};
		C4B8398425E789F4004A680A /* Products */ = {
			isa = PBXGroup;
			children = (
				C4B8398325E789F4004A680A /* GitJobs.app */,
			);
			name = Products;
			sourceTree = "<group>";
		};
		C4B8398525E789F4004A680A /* GitJobs */ = {
			isa = PBXGroup;
			children = (
				C4B8398625E789F4004A680A /* AppDelegate.swift */,
				C4B8398825E789F4004A680A /* SceneDelegate.swift */,
				C4B8399D25E796A3004A680A /* Model */,
				C4B8399E25E796AB004A680A /* View */,
				C4B8399F25E796B4004A680A /* Controller */,
				C4B839A125E79711004A680A /* Extensions */,
				C4B839A025E796FA004A680A /* Resources */,
				C4B8399425E789FE004A680A /* Info.plist */,
			);
			path = GitJobs;
			sourceTree = "<group>";
		};
		C4B8399D25E796A3004A680A /* Model */ = {
			isa = PBXGroup;
			children = (
				C4B839A225E798B5004A680A /* Job.swift */,
			);
			path = Model;
			sourceTree = "<group>";
		};
		C4B8399E25E796AB004A680A /* View */ = {
			isa = PBXGroup;
			children = (
				C4B839A625E79CB3004A680A /* MainViewController.swift */,
				C4B839AC25E7BD5B004A680A /* Cell */,
			);
			path = View;
			sourceTree = "<group>";
		};
		C4B8399F25E796B4004A680A /* Controller */ = {
			isa = PBXGroup;
			children = (
			);
			path = Controller;
			sourceTree = "<group>";
		};
		C4B839A025E796FA004A680A /* Resources */ = {
			isa = PBXGroup;
			children = (
				C4B8398F25E789FE004A680A /* Assets.xcassets */,
				C4B8399125E789FE004A680A /* LaunchScreen.storyboard */,
			);
			path = Resources;
			sourceTree = "<group>";
		};
		C4B839A125E79711004A680A /* Extensions */ = {
			isa = PBXGroup;
			children = (
				C4B839A925E7BC05004A680A /* UIView+Ext.swift */,
			);
			path = Extensions;
			sourceTree = "<group>";
		};
		C4B839AC25E7BD5B004A680A /* Cell */ = {
			isa = PBXGroup;
			children = (
				C4B839AD25E7BD72004A680A /* JobCell.swift */,
			);
			path = Cell;
			sourceTree = "<group>";
		};
/* End PBXGroup section */

/* Begin PBXNativeTarget section */
		C4B8398225E789F4004A680A /* GitJobs */ = {
			isa = PBXNativeTarget;
			buildConfigurationList = C4B8399725E789FE004A680A /* Build configuration list for PBXNativeTarget "GitJobs" */;
			buildPhases = (
				C4B8397F25E789F4004A680A /* Sources */,
				C4B8398025E789F4004A680A /* Frameworks */,
				C4B8398125E789F4004A680A /* Resources */,
			);
			buildRules = (
			);
			dependencies = (
			);
			name = GitJobs;
			productName = GitJobs;
			productReference = C4B8398325E789F4004A680A /* GitJobs.app */;
			productType = "com.apple.product-type.application";
		};
/* End PBXNativeTarget section */

/* Begin PBXProject section */
		C4B8397B25E789F4004A680A /* Project object */ = {
			isa = PBXProject;
			attributes = {
				LastSwiftUpdateCheck = 1240;
				LastUpgradeCheck = 1240;
				TargetAttributes = {
					C4B8398225E789F4004A680A = {
						CreatedOnToolsVersion = 12.4;
					};
				};
			};
			buildConfigurationList = C4B8397E25E789F4004A680A /* Build configuration list for PBXProject "GitJobs" */;
			compatibilityVersion = "Xcode 9.3";
			developmentRegion = en;
			hasScannedForEncodings = 0;
			knownRegions = (
				en,
				Base,
			);
			mainGroup = C4B8397A25E789F4004A680A;
			productRefGroup = C4B8398425E789F4004A680A /* Products */;
			projectDirPath = "";
			projectRoot = "";
			targets = (
				C4B8398225E789F4004A680A /* GitJobs */,
			);
		};
/* End PBXProject section */

/* Begin PBXResourcesBuildPhase section */
		C4B8398125E789F4004A680A /* Resources */ = {
			isa = PBXResourcesBuildPhase;
			buildActionMask = 2147483647;
			files = (
				C4B8399325E789FE004A680A /* LaunchScreen.storyboard in Resources */,
				C4B8399025E789FE004A680A /* Assets.xcassets in Resources */,
			);
			runOnlyForDeploymentPostprocessing = 0;
		};
/* End PBXResourcesBuildPhase section */

/* Begin PBXSourcesBuildPhase section */
		C4B8397F25E789F4004A680A /* Sources */ = {
			isa = PBXSourcesBuildPhase;
			buildActionMask = 2147483647;
			files = (
				C4B8398725E789F4004A680A /* AppDelegate.swift in Sources */,
				C4B839AE25E7BD72004A680A /* JobCell.swift in Sources */,
				C4B8398925E789F4004A680A /* SceneDelegate.swift in Sources */,
				C4B839AA25E7BC05004A680A /* UIView+Ext.swift in Sources */,
				C4B839A325E798B5004A680A /* Job.swift in Sources */,
				C4B839A725E79CB3004A680A /* MainViewController.swift in Sources */,
			);
			runOnlyForDeploymentPostprocessing = 0;
		};
/* End PBXSourcesBuildPhase section */

/* Begin PBXVariantGroup section */
		C4B8399125E789FE004A680A /* LaunchScreen.storyboard */ = {
			isa = PBXVariantGroup;
			children = (
				C4B8399225E789FE004A680A /* Base */,
			);
			name = LaunchScreen.storyboard;
			sourceTree = "<group>";
		};
/* End PBXVariantGroup section */

/* Begin XCBuildConfiguration section */
		C4B8399525E789FE004A680A /* Debug */ = {
			isa = XCBuildConfiguration;
			buildSettings = {
				ALWAYS_SEARCH_USER_PATHS = NO;
				CLANG_ANALYZER_NONNULL = YES;
				CLANG_ANALYZER_NUMBER_OBJECT_CONVERSION = YES_AGGRESSIVE;
				CLANG_CXX_LANGUAGE_STANDARD = "gnu++14";
				CLANG_CXX_LIBRARY = "libc++";
				CLANG_ENABLE_MODULES = YES;
				CLANG_ENABLE_OBJC_ARC = YES;
				CLANG_ENABLE_OBJC_WEAK = YES;
				CLANG_WARN_BLOCK_CAPTURE_AUTORELEASING = YES;
				CLANG_WARN_BOOL_CONVERSION = YES;
				CLANG_WARN_COMMA = YES;
				CLANG_WARN_CONSTANT_CONVERSION = YES;
				CLANG_WARN_DEPRECATED_OBJC_IMPLEMENTATIONS = YES;
				CLANG_WARN_DIRECT_OBJC_ISA_USAGE = YES_ERROR;
				CLANG_WARN_DOCUMENTATION_COMMENTS = YES;
				CLANG_WARN_EMPTY_BODY = YES;
				CLANG_WARN_ENUM_CONVERSION = YES;
				CLANG_WARN_INFINITE_RECURSION = YES;
				CLANG_WARN_INT_CONVERSION = YES;
				CLANG_WARN_NON_LITERAL_NULL_CONVERSION = YES;
				CLANG_WARN_OBJC_IMPLICIT_RETAIN_SELF = YES;
				CLANG_WARN_OBJC_LITERAL_CONVERSION = YES;
				CLANG_WARN_OBJC_ROOT_CLASS = YES_ERROR;
				CLANG_WARN_QUOTED_INCLUDE_IN_FRAMEWORK_HEADER = YES;
				CLANG_WARN_RANGE_LOOP_ANALYSIS = YES;
				CLANG_WARN_STRICT_PROTOTYPES = YES;
				CLANG_WARN_SUSPICIOUS_MOVE = YES;
				CLANG_WARN_UNGUARDED_AVAILABILITY = YES_AGGRESSIVE;
				CLANG_WARN_UNREACHABLE_CODE = YES;
				CLANG_WARN__DUPLICATE_METHOD_MATCH = YES;
				COPY_PHASE_STRIP = NO;
				DEBUG_INFORMATION_FORMAT = dwarf;
				ENABLE_STRICT_OBJC_MSGSEND = YES;
				ENABLE_TESTABILITY = YES;
				GCC_C_LANGUAGE_STANDARD = gnu11;
				GCC_DYNAMIC_NO_PIC = NO;
				GCC_NO_COMMON_BLOCKS = YES;
				GCC_OPTIMIZATION_LEVEL = 0;
				GCC_PREPROCESSOR_DEFINITIONS = (
					"DEBUG=1",
					"$(inherited)",
				);
				GCC_WARN_64_TO_32_BIT_CONVERSION = YES;
				GCC_WARN_ABOUT_RETURN_TYPE = YES_ERROR;
				GCC_WARN_UNDECLARED_SELECTOR = YES;
				GCC_WARN_UNINITIALIZED_AUTOS = YES_AGGRESSIVE;
				GCC_WARN_UNUSED_FUNCTION = YES;
				GCC_WARN_UNUSED_VARIABLE = YES;
				IPHONEOS_DEPLOYMENT_TARGET = 14.4;
				MTL_ENABLE_DEBUG_INFO = INCLUDE_SOURCE;
				MTL_FAST_MATH = YES;
				ONLY_ACTIVE_ARCH = YES;
				SDKROOT = iphoneos;
				SWIFT_ACTIVE_COMPILATION_CONDITIONS = DEBUG;
				SWIFT_OPTIMIZATION_LEVEL = "-Onone";
			};
			name = Debug;
		};
		C4B8399625E789FE004A680A /* Release */ = {
			isa = XCBuildConfiguration;
			buildSettings = {
				ALWAYS_SEARCH_USER_PATHS = NO;
				CLANG_ANALYZER_NONNULL = YES;
				CLANG_ANALYZER_NUMBER_OBJECT_CONVERSION = YES_AGGRESSIVE;
				CLANG_CXX_LANGUAGE_STANDARD = "gnu++14";
				CLANG_CXX_LIBRARY = "libc++";
				CLANG_ENABLE_MODULES = YES;
				CLANG_ENABLE_OBJC_ARC = YES;
				CLANG_ENABLE_OBJC_WEAK = YES;
				CLANG_WARN_BLOCK_CAPTURE_AUTORELEASING = YES;
				CLANG_WARN_BOOL_CONVERSION = YES;
				CLANG_WARN_COMMA = YES;
				CLANG_WARN_CONSTANT_CONVERSION = YES;
				CLANG_WARN_DEPRECATED_OBJC_IMPLEMENTATIONS = YES;
				CLANG_WARN_DIRECT_OBJC_ISA_USAGE = YES_ERROR;
				CLANG_WARN_DOCUMENTATION_COMMENTS = YES;
				CLANG_WARN_EMPTY_BODY = YES;
				CLANG_WARN_ENUM_CONVERSION = YES;
				CLANG_WARN_INFINITE_RECURSION = YES;
				CLANG_WARN_INT_CONVERSION = YES;
				CLANG_WARN_NON_LITERAL_NULL_CONVERSION = YES;
				CLANG_WARN_OBJC_IMPLICIT_RETAIN_SELF = YES;
				CLANG_WARN_OBJC_LITERAL_CONVERSION = YES;
				CLANG_WARN_OBJC_ROOT_CLASS = YES_ERROR;
				CLANG_WARN_QUOTED_INCLUDE_IN_FRAMEWORK_HEADER = YES;
				CLANG_WARN_RANGE_LOOP_ANALYSIS = YES;
				CLANG_WARN_STRICT_PROTOTYPES = YES;
				CLANG_WARN_SUSPICIOUS_MOVE = YES;
				CLANG_WARN_UNGUARDED_AVAILABILITY = YES_AGGRESSIVE;
				CLANG_WARN_UNREACHABLE_CODE = YES;
				CLANG_WARN__DUPLICATE_METHOD_MATCH = YES;
				COPY_PHASE_STRIP = NO;
				DEBUG_INFORMATION_FORMAT = "dwarf-with-dsym";
				ENABLE_NS_ASSERTIONS = NO;
				ENABLE_STRICT_OBJC_MSGSEND = YES;
				GCC_C_LANGUAGE_STANDARD = gnu11;
				GCC_NO_COMMON_BLOCKS = YES;
				GCC_WARN_64_TO_32_BIT_CONVERSION = YES;
				GCC_WARN_ABOUT_RETURN_TYPE = YES_ERROR;
				GCC_WARN_UNDECLARED_SELECTOR = YES;
				GCC_WARN_UNINITIALIZED_AUTOS = YES_AGGRESSIVE;
				GCC_WARN_UNUSED_FUNCTION = YES;
				GCC_WARN_UNUSED_VARIABLE = YES;
				IPHONEOS_DEPLOYMENT_TARGET = 14.4;
				MTL_ENABLE_DEBUG_INFO = NO;
				MTL_FAST_MATH = YES;
				SDKROOT = iphoneos;
				SWIFT_COMPILATION_MODE = wholemodule;
				SWIFT_OPTIMIZATION_LEVEL = "-O";
				VALIDATE_PRODUCT = YES;
			};
			name = Release;
		};
		C4B8399825E789FE004A680A /* Debug */ = {
			isa = XCBuildConfiguration;
			buildSettings = {
				ASSETCATALOG_COMPILER_APPICON_NAME = AppIcon;
				ASSETCATALOG_COMPILER_GLOBAL_ACCENT_COLOR_NAME = AccentColor;
				CODE_SIGN_STYLE = Automatic;
				DEVELOPMENT_TEAM = HF45SX3EL4;
				INFOPLIST_FILE = GitJobs/Info.plist;
				LD_RUNPATH_SEARCH_PATHS = (
					"$(inherited)",
					"@executable_path/Frameworks",
				);
				PRODUCT_BUNDLE_IDENTIFIER = com.rmznabb.GitJobs;
				PRODUCT_NAME = "$(TARGET_NAME)";
				SWIFT_VERSION = 5.0;
				TARGETED_DEVICE_FAMILY = "1,2";
			};
			name = Debug;
		};
		C4B8399925E789FE004A680A /* Release */ = {
			isa = XCBuildConfiguration;
			buildSettings = {
				ASSETCATALOG_COMPILER_APPICON_NAME = AppIcon;
				ASSETCATALOG_COMPILER_GLOBAL_ACCENT_COLOR_NAME = AccentColor;
				CODE_SIGN_STYLE = Automatic;
				DEVELOPMENT_TEAM = HF45SX3EL4;
				INFOPLIST_FILE = GitJobs/Info.plist;
				LD_RUNPATH_SEARCH_PATHS = (
					"$(inherited)",
					"@executable_path/Frameworks",
				);
				PRODUCT_BUNDLE_IDENTIFIER = com.rmznabb.GitJobs;
				PRODUCT_NAME = "$(TARGET_NAME)";
				SWIFT_VERSION = 5.0;
				TARGETED_DEVICE_FAMILY = "1,2";
			};
			name = Release;
		};
/* End XCBuildConfiguration section */

/* Begin XCConfigurationList section */
		C4B8397E25E789F4004A680A /* Build configuration list for PBXProject "GitJobs" */ = {
			isa = XCConfigurationList;
			buildConfigurations = (
				C4B8399525E789FE004A680A /* Debug */,
				C4B8399625E789FE004A680A /* Release */,
			);
			defaultConfigurationIsVisible = 0;
			defaultConfigurationName = Release;
		};
		C4B8399725E789FE004A680A /* Build configuration list for PBXNativeTarget "GitJobs" */ = {
			isa = XCConfigurationList;
			buildConfigurations = (
				C4B8399825E789FE004A680A /* Debug */,
				C4B8399925E789FE004A680A /* Release */,
			);
			defaultConfigurationIsVisible = 0;
			defaultConfigurationName = Release;
		};
/* End XCConfigurationList section */
	};
	rootObject = C4B8397B25E789F4004A680A /* Project object */;
}
